
Microsoft Visual Studio Solution File, Format Version 10.00
# Visual Studio 2008
Project("{FAE04EC0-301F-11D3-BF4B-00C04F79EFBC}") = "GSessionManager", "GSessionManager\GSessionManager.csproj", "{12D55615-9425-4811-A01C-0069E481ED43}"
EndProject
Project("{FAE04EC0-301F-11D3-BF4B-00C04F79EFBC}") = "GSessionCtrl", "..\GSessionCtrl\GSessionCtrl\GSessionCtrl.csproj", "{2E101F92-8A9D-4B95-B17E-0D3991CD0C24}"
EndProject
Global
	GlobalSection(SolutionConfigurationPlatforms) = preSolution
		Debug|Any CPU = Debug|Any CPU
		Release|Any CPU = Release|Any CPU
	EndGlobalSection
	GlobalSection(ProjectConfigurationPlatforms) = postSolution
		{12D55615-9425-4811-A01C-0069E481ED43}.Debug|Any CPU.ActiveCfg = Debug|Any CPU
		{12D55615-9425-4811-A01C-0069E481ED43}.Debug|Any CPU.Build.0 = Debug|Any CPU
		{12D55615-9425-4811-A01C-0069E481ED43}.Release|Any CPU.ActiveCfg = Release|Any CPU
		{12D55615-9425-4811-A01C-0069E481ED43}.Release|Any CPU.Build.0 = Release|Any CPU
		{2E101F92-8A9D-4B95-B17E-0D3991CD0C24}.Debug|Any CPU.ActiveCfg = Debug|Any CPU
		{2E101F92-8A9D-4B95-B17E-0D3991CD0C24}.Debug|Any CPU.Build.0 = Debug|Any CPU
		{2E101F92-8A9D-4B95-B17E-0D3991CD0C24}.Release|Any CPU.ActiveCfg = Release|Any CPU
		{2E101F92-8A9D-4B95-B17E-0D3991CD0C24}.Release|Any CPU.Build.0 = Release|Any CPU
	EndGlobalSection
	GlobalSection(SolutionProperties) = preSolution
		HideSolutionNode = FALSE
	EndGlobalSection
EndGlobal
